
Microsoft Visual Studio Solution File, Format Version 12.00
# Visual Studio 15
VisualStudioVersion = 15.0.26124.0
MinimumVisualStudioVersion = 15.0.26124.0
Project("{FAE04EC0-301F-11D3-BF4B-00C04F79EFBC}") = "PayslipKata", "PayslipKata\PayslipKata.csproj", "{AFC72A1D-0D8B-4958-97C1-9D3514CBC36E}"
EndProject
Project("{FAE04EC0-301F-11D3-BF4B-00C04F79EFBC}") = "PayslipKata.Tests", "PayslipKata.Tests\PayslipKata.Tests.csproj", "{E1E70D41-2C68-455E-B3A0-5F73EFBC396B}"
EndProject
Global
	GlobalSection(SolutionConfigurationPlatforms) = preSolution
		Debug|Any CPU = Debug|Any CPU
		Debug|x64 = Debug|x64
		Debug|x86 = Debug|x86
		Release|Any CPU = Release|Any CPU
		Release|x64 = Release|x64
		Release|x86 = Release|x86
	EndGlobalSection
	GlobalSection(SolutionProperties) = preSolution
		HideSolutionNode = FALSE
	EndGlobalSection
	GlobalSection(ProjectConfigurationPlatforms) = postSolution
		{AFC72A1D-0D8B-4958-97C1-9D3514CBC36E}.Debug|Any CPU.ActiveCfg = Debug|Any CPU
		{AFC72A1D-0D8B-4958-97C1-9D3514CBC36E}.Debug|Any CPU.Build.0 = Debug|Any CPU
		{AFC72A1D-0D8B-4958-97C1-9D3514CBC36E}.Debug|x64.ActiveCfg = Debug|Any CPU
		{AFC72A1D-0D8B-4958-97C1-9D3514CBC36E}.Debug|x64.Build.0 = Debug|Any CPU
		{AFC72A1D-0D8B-4958-97C1-9D3514CBC36E}.Debug|x86.ActiveCfg = Debug|Any CPU
		{AFC72A1D-0D8B-4958-97C1-9D3514CBC36E}.Debug|x86.Build.0 = Debug|Any CPU
		{AFC72A1D-0D8B-4958-97C1-9D3514CBC36E}.Release|Any CPU.ActiveCfg = Release|Any CPU
		{AFC72A1D-0D8B-4958-97C1-9D3514CBC36E}.Release|Any CPU.Build.0 = Release|Any CPU
		{AFC72A1D-0D8B-4958-97C1-9D3514CBC36E}.Release|x64.ActiveCfg = Release|Any CPU
		{AFC72A1D-0D8B-4958-97C1-9D3514CBC36E}.Release|x64.Build.0 = Release|Any CPU
		{AFC72A1D-0D8B-4958-97C1-9D3514CBC36E}.Release|x86.ActiveCfg = Release|Any CPU
		{AFC72A1D-0D8B-4958-97C1-9D3514CBC36E}.Release|x86.Build.0 = Release|Any CPU
		{E1E70D41-2C68-455E-B3A0-5F73EFBC396B}.Debug|Any CPU.ActiveCfg = Debug|Any CPU
		{E1E70D41-2C68-455E-B3A0-5F73EFBC396B}.Debug|Any CPU.Build.0 = Debug|Any CPU
		{E1E70D41-2C68-455E-B3A0-5F73EFBC396B}.Debug|x64.ActiveCfg = Debug|Any CPU
		{E1E70D41-2C68-455E-B3A0-5F73EFBC396B}.Debug|x64.Build.0 = Debug|Any CPU
		{E1E70D41-2C68-455E-B3A0-5F73EFBC396B}.Debug|x86.ActiveCfg = Debug|Any CPU
		{E1E70D41-2C68-455E-B3A0-5F73EFBC396B}.Debug|x86.Build.0 = Debug|Any CPU
		{E1E70D41-2C68-455E-B3A0-5F73EFBC396B}.Release|Any CPU.ActiveCfg = Release|Any CPU
		{E1E70D41-2C68-455E-B3A0-5F73EFBC396B}.Release|Any CPU.Build.0 = Release|Any CPU
		{E1E70D41-2C68-455E-B3A0-5F73EFBC396B}.Release|x64.ActiveCfg = Release|Any CPU
		{E1E70D41-2C68-455E-B3A0-5F73EFBC396B}.Release|x64.Build.0 = Release|Any CPU
		{E1E70D41-2C68-455E-B3A0-5F73EFBC396B}.Release|x86.ActiveCfg = Release|Any CPU
		{E1E70D41-2C68-455E-B3A0-5F73EFBC396B}.Release|x86.Build.0 = Release|Any CPU
	EndGlobalSection
EndGlobal
